<?xml version="1.0" encoding="UTF-8" standalone="yes" ?>
<CodeBlocks_project_file>
	<FileVersion major="1" minor="6" />
	<Project>
		<Option title="EGE" />
		<Option makefile="makefile" />
		<Option pch_mode="2" />
		<Option compiler="gcc" />
		<Option extended_obj_names="1" />
		<Build>
			<Target title="debug">
				<Option output="debug/EGE" prefix_auto="1" extension_auto="1" />
				<Option working_dir="" />
				<Option object_output="debug/static/" />
				<Option type="2" />
				<Option compiler="gcc" />
				<Option createDefFile="1" />
				<Compiler>
					<Add option="-g" />
					<Add option="-D_GLIBCXX_DEBUG" />
					<Add option="-D_GLIBCXX_DEBUG_PEDANTIC" />
				</Compiler>
			</Target>
			<Target title="release">
				<Option output="release/EGE" prefix_auto="1" extension_auto="1" />
				<Option working_dir="" />
				<Option object_output="release/static/" />
				<Option type="2" />
				<Option compiler="gcc" />
				<Option createDefFile="1" />
				<Compiler>
					<Add option="-fomit-frame-pointer" />
					<Add option="-fexpensive-optimizations" />
					<Add option="-O3" />
					<Add option="-flto=jobserver" />
					<Add option="-DNDEBUG" />
				</Compiler>
				<Linker>
					<Add option="-s" />
				</Linker>
			</Target>
			<Target title="debug_DLL">
				<Option output="debug/EGE" prefix_auto="1" extension_auto="1" />
				<Option working_dir="debug" />
				<Option object_output="debug/dynamic/" />
				<Option type="3" />
				<Option compiler="gcc" />
				<Option createDefFile="1" />
				<Compiler>
					<Add option="-g" />
					<Add option="-D_GLIBCXX_DEBUG" />
					<Add option="-D_GLIBCXX_DEBUG_PEDANTIC" />
					<Add option="-DYB_DLL" />
					<Add option="-DYF_DLL" />
				</Compiler>
				<Linker>
					<Add library="YFrameworkd" />
					<Add library="FreeImage" />
					<Add library="freetype" />
					<Add library="YBased" />
					<Add library="z" />
					<Add library="shlwapi" />
					<Add library="gdi32" />
					<Add library="imm32" />
					<Add library="msimg32" />
					<Add library="winmm" />
					<Add library="gdiplus" />
				</Linker>
			</Target>
			<Target title="release_DLL">
				<Option output="release/EGE" prefix_auto="1" extension_auto="1" />
				<Option working_dir="release" />
				<Option object_output="release/dynamic/" />
				<Option type="3" />
				<Option compiler="gcc" />
				<Option createDefFile="1" />
				<Compiler>
					<Add option="-O3" />
					<Add option="-DNDEBUG" />
				</Compiler>
				<Linker>
					<Add option="-s" />
					<Add library="YFramework" />
					<Add library="FreeImage" />
					<Add library="freetype" />
					<Add library="YBase" />
					<Add library="z" />
					<Add library="shlwapi" />
					<Add library="gdi32" />
					<Add library="imm32" />
					<Add library="msimg32" />
					<Add library="winmm" />
					<Add library="gdiplus" />
				</Linker>
			</Target>
		</Build>
		<Compiler>
			<Add option="-Wnon-virtual-dtor" />
			<Add option="-Wredundant-decls" />
			<Add option="-Wcast-align" />
			<Add option="-Wmissing-declarations" />
			<Add option="-Wmissing-include-dirs" />
			<Add option="-Wzero-as-null-pointer-constant" />
			<Add option="-pedantic-errors" />
			<Add option="-Wextra" />
			<Add option="-Wall" />
			<Add option="-std=c++11" />
			<Add option="-Wctor-dtor-privacy" />
			<Add option="-Winvalid-pch" />
			<Add option="-Wsign-promo" />
			<Add option="-Wdeprecated" />
			<Add option="-Wdeprecated-declarations" />
			<Add option="-Wformat=2" />
			<Add option="-Wmultichar" />
			<Add option="-Wno-format-nonliteral" />
			<Add option="-Wpacked" />
			<Add option="-Wfloat-equal" />
			<Add option="-Wlogical-op" />
			<Add option="-Wtrampolines" />
			<Add option="-Wconditionally-supported" />
			<Add option="-Wstrict-null-sentinel" />
			<Add option="-fdata-sections" />
			<Add option="-ffunction-sections" />
			<Add option="-mthreads" />
			<Add option="-pipe" />
			<Add directory="include" />
		</Compiler>
		<Unit filename="include/ege.h" />
		<Unit filename="include/ege/base.h" />
		<Unit filename="include/ege/button.h" />
		<Unit filename="include/ege/color.h" />
		<Unit filename="include/ege/colorbase.h" />
		<Unit filename="include/ege/compress.h" />
		<Unit filename="include/ege/ctl.h" />
		<Unit filename="include/ege/def.h" />
		<Unit filename="include/ege/env.h" />
		<Unit filename="include/ege/fps.h" />
		<Unit filename="include/ege/fpsbase.h" />
		<Unit filename="include/ege/gapi.h" />
		<Unit filename="include/ege/gapi_aa.h" />
		<Unit filename="include/ege/gdi.h" />
		<Unit filename="include/ege/img.h" />
		<Unit filename="include/ege/input.h" />
		<Unit filename="include/ege/label.h" />
		<Unit filename="include/ege/mac.h" />
		<Unit filename="include/ege/music.h" />
		<Unit filename="include/ege/proc.h" />
		<Unit filename="include/ege/pushtarget.h" />
		<Unit filename="include/ege/random.h" />
		<Unit filename="include/ege/sys_edit.h" />
		<Unit filename="include/ege/text.h" />
		<Unit filename="include/ege/time.h" />
		<Unit filename="include/ege/v3d.h" />
		<Unit filename="include/ege/viewport.h" />
		<Unit filename="include/ege/windows.h" />
		<Unit filename="include/graphics.h" />
		<Unit filename="include/thread_queue.h" />
		<Unit filename="src/ege/color.cpp" />
		<Unit filename="src/ege/compress.cpp" />
		<Unit filename="src/ege/ctl.cpp" />
		<Unit filename="src/ege/env.cpp" />
		<Unit filename="src/ege/fpsbase.cpp" />
		<Unit filename="src/ege/gapi.cpp" />
		<Unit filename="src/ege/gapi_aa.cpp" />
		<Unit filename="src/ege/gdi.cpp" />
		<Unit filename="src/ege/global.cpp" />
		<Unit filename="src/ege/global.h" />
		<Unit filename="src/ege/head.h" />
		<Unit filename="src/ege/image.cpp" />
		<Unit filename="src/ege/image.h" />
		<Unit filename="src/ege/img.cpp" />
		<Unit filename="src/ege/input.cpp" />
		<Unit filename="src/ege/math.cpp" />
		<Unit filename="src/ege/msg.h" />
		<Unit filename="src/ege/music.cpp" />
		<Unit filename="src/ege/random.cpp" />
		<Unit filename="src/ege/text.cpp" />
		<Unit filename="src/ege/time.cpp" />
		<Unit filename="src/ege/viewport.cpp" />
		<Unit filename="src/ege/windows.cpp" />
		<Unit filename="src/zlib/crc32.h" />
		<Unit filename="src/zlib/deflate.h" />
		<Unit filename="src/zlib/gzguts.h" />
		<Unit filename="src/zlib/inffast.h" />
		<Unit filename="src/zlib/inffixed.h" />
		<Unit filename="src/zlib/inflate.h" />
		<Unit filename="src/zlib/inftrees.h" />
		<Unit filename="src/zlib/trees.h" />
		<Unit filename="src/zlib/zconf.h" />
		<Unit filename="src/zlib/zlib.h" />
		<Unit filename="src/zlib/zutil.h" />
		<Extensions>
			<code_completion />
			<envvars />
			<debugger />
			<lib_finder disable_auto="1" />
		</Extensions>
	</Project>
</CodeBlocks_project_file>
