<?xml version="1.0" encoding="UTF-8" standalone="yes" ?>
<CodeBlocks_project_file>
	<FileVersion major="1" minor="6" />
	<Project>
		<Option title="EGE" />
		<Option makefile="makefile" />
		<Option pch_mode="2" />
		<Option compiler="gcc" />
		<Option extended_obj_names="1" />
		<Build>
			<Target title="debug">
				<Option output="debug/EGE" prefix_auto="1" extension_auto="1" />
				<Option working_dir="" />
				<Option object_output="debug/static/" />
				<Option type="2" />
				<Option compiler="gcc" />
				<Option createDefFile="1" />
				<Compiler>
					<Add option="-g" />
					<Add option="-Og" />
				</Compiler>
			</Target>
			<Target title="release">
				<Option output="release/EGE" prefix_auto="1" extension_auto="1" />
				<Option working_dir="" />
				<Option object_output="release/static/" />
				<Option type="2" />
				<Option compiler="gcc" />
				<Option createDefFile="1" />
				<Compiler>
					<Add option="-O3" />
				</Compiler>
				<Linker>
					<Add option="-s" />
				</Linker>
			</Target>
			<Target title="debug_DLL">
				<Option output="debug/EGE" prefix_auto="1" extension_auto="1" />
				<Option working_dir="debug" />
				<Option object_output="debug/dynamic/" />
				<Option type="3" />
				<Option compiler="gcc" />
				<Option createDefFile="1" />
				<Option projectLinkerOptionsRelation="2" />
				<Compiler>
					<Add option="-g" />
					<Add option="-Og" />
				</Compiler>
				<Linker>
					<Add library="png16" />
					<Add library="zlib1" />
					<Add library="gdi32" />
					<Add library="imm32" />
					<Add library="msimg32" />
					<Add library="ole32" />
					<Add library="oleaut32" />
					<Add library="winmm" />
					<Add library="uuid" />
					<Add library="gdiplus" />
				</Linker>
			</Target>
			<Target title="release_DLL">
				<Option output="release/EGE" prefix_auto="1" extension_auto="1" />
				<Option working_dir="release" />
				<Option object_output="release/dynamic/" />
				<Option type="3" />
				<Option compiler="gcc" />
				<Option createDefFile="1" />
				<Option projectLinkerOptionsRelation="2" />
				<Compiler>
					<Add option="-O3" />
				</Compiler>
				<Linker>
					<Add option="-s" />
					<Add library="png16" />
					<Add library="zlib1" />
					<Add library="gdi32" />
					<Add library="imm32" />
					<Add library="msimg32" />
					<Add library="ole32" />
					<Add library="oleaut32" />
					<Add library="winmm" />
					<Add library="uuid" />
					<Add library="gdiplus" />
				</Linker>
			</Target>
		</Build>
		<Compiler>
			<Add option="-pedantic-errors" />
			<Add option="-std=c++11" />
			<Add option="-Wextra" />
			<Add option="-Wall" />
			<Add option="-Wmissing-include-dirs -Wzero-as-null-pointer-constant" />
			<Add directory="include" />
		</Compiler>
		<Unit filename="include/ege.h" />
		<Unit filename="include/ege/button.h" />
		<Unit filename="include/ege/e_base.h" />
		<Unit filename="include/ege/e_color.h" />
		<Unit filename="include/ege/e_colorbase.h" />
		<Unit filename="include/ege/e_compress.h" />
		<Unit filename="include/ege/e_ctl.h" />
		<Unit filename="include/ege/e_def.h" />
		<Unit filename="include/ege/e_env.h" />
		<Unit filename="include/ege/e_fps.h" />
		<Unit filename="include/ege/e_gdi.h" />
		<Unit filename="include/ege/e_img.h" />
		<Unit filename="include/ege/e_input.h" />
		<Unit filename="include/ege/e_mac.h" />
		<Unit filename="include/ege/e_music.h" />
		<Unit filename="include/ege/e_proc.h" />
		<Unit filename="include/ege/e_pushtarget.h" />
		<Unit filename="include/ege/e_text.h" />
		<Unit filename="include/ege/e_time.h" />
		<Unit filename="include/ege/e_v3d.h" />
		<Unit filename="include/ege/e_windows.h" />
		<Unit filename="include/ege/fps.h" />
		<Unit filename="include/ege/head.h" />
		<Unit filename="include/ege/label.h" />
		<Unit filename="include/ege/random.h" />
		<Unit filename="include/ege/sys_edit.h" />
		<Unit filename="include/graphics.h" />
		<Unit filename="include/thread_queue.h" />
		<Unit filename="src/color.cpp" />
		<Unit filename="src/egecontrolbase.cpp" />
		<Unit filename="src/egegapi.cpp" />
		<Unit filename="src/global.cpp" />
		<Unit filename="src/graphics.cpp" />
		<Unit filename="src/image.cpp" />
		<Unit filename="src/libpng/png.h" />
		<Unit filename="src/libpng/pngconf.h" />
		<Unit filename="src/libpng/pngdebug.h" />
		<Unit filename="src/libpng/pnginfo.h" />
		<Unit filename="src/libpng/pnglibconf.h" />
		<Unit filename="src/libpng/pngpriv.h" />
		<Unit filename="src/libpng/pngstruct.h" />
		<Unit filename="src/math.cpp" />
		<Unit filename="src/music.cpp" />
		<Unit filename="src/random.cpp" />
		<Unit filename="src/zlib/crc32.h" />
		<Unit filename="src/zlib/deflate.h" />
		<Unit filename="src/zlib/gzguts.h" />
		<Unit filename="src/zlib/inffast.h" />
		<Unit filename="src/zlib/inffixed.h" />
		<Unit filename="src/zlib/inflate.h" />
		<Unit filename="src/zlib/inftrees.h" />
		<Unit filename="src/zlib/trees.h" />
		<Unit filename="src/zlib/zconf.h" />
		<Unit filename="src/zlib/zlib.h" />
		<Unit filename="src/zlib/zutil.h" />
		<Extensions>
			<code_completion />
			<envvars />
			<debugger />
			<lib_finder disable_auto="1" />
		</Extensions>
	</Project>
</CodeBlocks_project_file>
