<?xml version="1.0" encoding="UTF-8" standalone="yes" ?>
<CodeBlocks_project_file>
	<FileVersion major="1" minor="6" />
	<Project>
		<Option title="EGE" />
		<Option makefile="makefile" />
		<Option pch_mode="2" />
		<Option compiler="gcc" />
		<Build>
			<Target title="debug">
				<Option output="debug/EGE" prefix_auto="1" extension_auto="1" />
				<Option working_dir="" />
				<Option object_output="debug/" />
				<Option type="2" />
				<Option compiler="gcc" />
				<Option createDefFile="1" />
				<Compiler>
					<Add option="-g" />
				</Compiler>
			</Target>
			<Target title="release">
				<Option output="release/EGE" prefix_auto="1" extension_auto="1" />
				<Option working_dir="" />
				<Option object_output="release/" />
				<Option type="2" />
				<Option compiler="gcc" />
				<Option createDefFile="1" />
				<Compiler>
					<Add option="-O2" />
				</Compiler>
				<Linker>
					<Add option="-s" />
				</Linker>
			</Target>
		</Build>
		<Compiler>
			<Add option="-std=c++11" />
			<Add option="-Wextra" />
			<Add option="-Wall" />
			<Add directory="include" />
		</Compiler>
		<Linker>
			<Add library="gdi32" />
			<Add library="imm32" />
			<Add library="msimg32" />
			<Add library="ole32" />
			<Add library="oleaut32" />
			<Add library="winmm" />
			<Add library="uuid" />
			<Add library="gdiplus" />
		</Linker>
		<Unit filename="include/ege.h" />
		<Unit filename="include/ege/button.h" />
		<Unit filename="include/ege/common.h" />
		<Unit filename="include/ege/e_base.h" />
		<Unit filename="include/ege/e_color.h" />
		<Unit filename="include/ege/e_colorbase.h" />
		<Unit filename="include/ege/e_compress.h" />
		<Unit filename="include/ege/e_ctl.h" />
		<Unit filename="include/ege/e_def.h" />
		<Unit filename="include/ege/e_env.h" />
		<Unit filename="include/ege/e_fps.h" />
		<Unit filename="include/ege/e_gdi.h" />
		<Unit filename="include/ege/e_img.h" />
		<Unit filename="include/ege/e_input.h" />
		<Unit filename="include/ege/e_mac.h" />
		<Unit filename="include/ege/e_music.h" />
		<Unit filename="include/ege/e_proc.h" />
		<Unit filename="include/ege/e_pushtarget.h" />
		<Unit filename="include/ege/e_random.h" />
		<Unit filename="include/ege/e_text.h" />
		<Unit filename="include/ege/e_time.h" />
		<Unit filename="include/ege/e_v3d.h" />
		<Unit filename="include/ege/e_windows.h" />
		<Unit filename="include/ege/fps.h" />
		<Unit filename="include/ege/head.h" />
		<Unit filename="include/ege/label.h" />
		<Unit filename="include/ege/sbt.h" />
		<Unit filename="include/ege/sys_edit.h" />
		<Unit filename="include/graphics.h" />
		<Unit filename="include/thread_queue.h" />
		<Unit filename="src/color.cpp" />
		<Unit filename="src/e_page.cpp" />
		<Unit filename="src/egecontrolbase.cpp" />
		<Unit filename="src/egegapi.cpp" />
		<Unit filename="src/graphics.cpp" />
		<Unit filename="src/image.cpp" />
		<Unit filename="src/logo.cpp" />
		<Unit filename="src/lpng/adler32.c">
			<Option compilerVar="CC" />
		</Unit>
		<Unit filename="src/lpng/compress.c">
			<Option compilerVar="CC" />
		</Unit>
		<Unit filename="src/lpng/crc32.c">
			<Option compilerVar="CC" />
		</Unit>
		<Unit filename="src/lpng/deflate.c">
			<Option compilerVar="CC" />
		</Unit>
		<Unit filename="src/lpng/gzclose.c">
			<Option compilerVar="CC" />
		</Unit>
		<Unit filename="src/lpng/gzlib.c">
			<Option compilerVar="CC" />
		</Unit>
		<Unit filename="src/lpng/gzread.c">
			<Option compilerVar="CC" />
		</Unit>
		<Unit filename="src/lpng/gzwrite.c">
			<Option compilerVar="CC" />
		</Unit>
		<Unit filename="src/lpng/infback.c">
			<Option compilerVar="CC" />
		</Unit>
		<Unit filename="src/lpng/inffast.c">
			<Option compilerVar="CC" />
		</Unit>
		<Unit filename="src/lpng/inflate.c">
			<Option compilerVar="CC" />
		</Unit>
		<Unit filename="src/lpng/inftrees.c">
			<Option compilerVar="CC" />
		</Unit>
		<Unit filename="src/lpng/png.c">
			<Option compilerVar="CC" />
		</Unit>
		<Unit filename="src/lpng/pngerror.c">
			<Option compilerVar="CC" />
		</Unit>
		<Unit filename="src/lpng/pngget.c">
			<Option compilerVar="CC" />
		</Unit>
		<Unit filename="src/lpng/pngmem.c">
			<Option compilerVar="CC" />
		</Unit>
		<Unit filename="src/lpng/pngpread.c">
			<Option compilerVar="CC" />
		</Unit>
		<Unit filename="src/lpng/pngread.c">
			<Option compilerVar="CC" />
		</Unit>
		<Unit filename="src/lpng/pngrio.c">
			<Option compilerVar="CC" />
		</Unit>
		<Unit filename="src/lpng/pngrtran.c">
			<Option compilerVar="CC" />
		</Unit>
		<Unit filename="src/lpng/pngrutil.c">
			<Option compilerVar="CC" />
		</Unit>
		<Unit filename="src/lpng/pngset.c">
			<Option compilerVar="CC" />
		</Unit>
		<Unit filename="src/lpng/pngtrans.c">
			<Option compilerVar="CC" />
		</Unit>
		<Unit filename="src/lpng/pngwio.c">
			<Option compilerVar="CC" />
		</Unit>
		<Unit filename="src/lpng/pngwrite.c">
			<Option compilerVar="CC" />
		</Unit>
		<Unit filename="src/lpng/pngwtran.c">
			<Option compilerVar="CC" />
		</Unit>
		<Unit filename="src/lpng/pngwutil.c">
			<Option compilerVar="CC" />
		</Unit>
		<Unit filename="src/lpng/trees.c">
			<Option compilerVar="CC" />
		</Unit>
		<Unit filename="src/lpng/uncompr.c">
			<Option compilerVar="CC" />
		</Unit>
		<Unit filename="src/lpng/zutil.c">
			<Option compilerVar="CC" />
		</Unit>
		<Unit filename="src/math.cpp" />
		<Unit filename="src/music.cpp" />
		<Unit filename="src/random.cpp" />
		<Extensions>
			<code_completion />
			<envvars />
			<debugger />
			<lib_finder disable_auto="1" />
		</Extensions>
	</Project>
</CodeBlocks_project_file>
